
Microsoft Visual Studio Solution File, Format Version 12.00
# Visual Studio Version 16
VisualStudioVersion = 16.0.31112.23
MinimumVisualStudioVersion = 10.0.40219.1
Project("{9A19103F-16F7-4668-BE54-9A1E7A4F7556}") = "AndrewStoddardVacationPlanner", "AndrewStoddardVacationPlanner\AndrewStoddardVacationPlanner.csproj", "{2EF78288-8852-4FCA-BE50-445D77C3289E}"
EndProject
Project("{FAE04EC0-301F-11D3-BF4B-00C04F79EFBC}") = "AndrewStoddardVacationPlannerTests", "AndrewStoddardVacationPlannerTests\AndrewStoddardVacationPlannerTests.csproj", "{23374ABA-E487-4B65-A9A9-005B9E2DD6E3}"
EndProject
Global
	GlobalSection(SolutionConfigurationPlatforms) = preSolution
		Debug|Any CPU = Debug|Any CPU
		Release|Any CPU = Release|Any CPU
	EndGlobalSection
	GlobalSection(ProjectConfigurationPlatforms) = postSolution
		{2EF78288-8852-4FCA-BE50-445D77C3289E}.Debug|Any CPU.ActiveCfg = Debug|Any CPU
		{2EF78288-8852-4FCA-BE50-445D77C3289E}.Debug|Any CPU.Build.0 = Debug|Any CPU
		{2EF78288-8852-4FCA-BE50-445D77C3289E}.Release|Any CPU.ActiveCfg = Release|Any CPU
		{2EF78288-8852-4FCA-BE50-445D77C3289E}.Release|Any CPU.Build.0 = Release|Any CPU
		{23374ABA-E487-4B65-A9A9-005B9E2DD6E3}.Debug|Any CPU.ActiveCfg = Debug|Any CPU
		{23374ABA-E487-4B65-A9A9-005B9E2DD6E3}.Debug|Any CPU.Build.0 = Debug|Any CPU
		{23374ABA-E487-4B65-A9A9-005B9E2DD6E3}.Release|Any CPU.ActiveCfg = Release|Any CPU
		{23374ABA-E487-4B65-A9A9-005B9E2DD6E3}.Release|Any CPU.Build.0 = Release|Any CPU
	EndGlobalSection
	GlobalSection(SolutionProperties) = preSolution
		HideSolutionNode = FALSE
	EndGlobalSection
	GlobalSection(ExtensibilityGlobals) = postSolution
		SolutionGuid = {54B8351A-CF75-44DA-9690-5C59D4009176}
	EndGlobalSection
EndGlobal
